<?xml version="1.0" encoding="utf-8"?>
<Project ToolsVersion="4.0" xmlns="http://schemas.microsoft.com/developer/msbuild/2003">
  <ItemGroup>
    <Filter Include="Source Files">
      <UniqueIdentifier>{4FC737F1-C7A5-4376-A066-2A32D752A2FF}</UniqueIdentifier>
      <Extensions>cpp;c;cc;cxx;def;odl;idl;hpj;bat;asm;asmx</Extensions>
    </Filter>
    <Filter Include="Header Files">
      <UniqueIdentifier>{93995380-89BD-4b04-88EB-625FBE52EBFB}</UniqueIdentifier>
      <Extensions>h;hpp;hxx;hm;inl;inc;xsd</Extensions>
    </Filter>
    <Filter Include="Resource Files">
      <UniqueIdentifier>{67DA6AB6-F800-4c08-8B7A-83BB121AAD01}</UniqueIdentifier>
      <Extensions>rc;ico;cur;bmp;dlg;rc2;rct;bin;rgs;gif;jpg;jpeg;jpe;resx;tiff;tif;png;wav</Extensions>
    </Filter>
  </ItemGroup>
  <ItemGroup>
    <ClCompile Include="client\Logger.cpp">
      <Filter>Source Files</Filter>
    </ClCompile>
    <ClCompile Include="client\LuaController.cpp">
      <Filter>Source Files</Filter>
    </ClCompile>
    <ClCompile Include="client\Packet.cpp">
      <Filter>Source Files</Filter>
    </ClCompile>
    <ClCompile Include="client\QSGClipView.cpp">
      <Filter>Source Files</Filter>
    </ClCompile>
    <ClCompile Include="client\QSGFrame.cpp">
      <Filter>Source Files</Filter>
    </ClCompile>
    <ClCompile Include="client\QSGGeometry.cpp">
      <Filter>Source Files</Filter>
    </ClCompile>
    <ClCompile Include="client\QSGGraphic.cpp">
      <Filter>Source Files</Filter>
    </ClCompile>
    <ClCompile Include="client\QSGNode.cpp">
      <Filter>Source Files</Filter>
    </ClCompile>
    <ClCompile Include="client\QSGOpenGLRenderer.cpp">
      <Filter>Source Files</Filter>
    </ClCompile>
    <ClCompile Include="client\QSGResource.cpp">
      <Filter>Source Files</Filter>
    </ClCompile>
    <ClCompile Include="client\QSGTexture.cpp">
      <Filter>Source Files</Filter>
    </ClCompile>
    <ClCompile Include="client\QSGTransform.cpp">
      <Filter>Source Files</Filter>
    </ClCompile>
    <ClCompile Include="client\QSGTransformNode.cpp">
      <Filter>Source Files</Filter>
    </ClCompile>
    <ClCompile Include="client\QSGViewport.cpp">
      <Filter>Source Files</Filter>
    </ClCompile>
    <ClCompile Include="client\Socket.cpp">
      <Filter>Source Files</Filter>
    </ClCompile>
    <ClCompile Include="client\stb_image.c">
      <Filter>Source Files</Filter>
    </ClCompile>
    <ClCompile Include="client\stb_vorbis.c">
      <Filter>Source Files</Filter>
    </ClCompile>
    <ClCompile Include="client\WinMain.cpp">
      <Filter>Source Files</Filter>
    </ClCompile>
    <ClCompile Include="client\xlua.c">
      <Filter>Source Files</Filter>
    </ClCompile>
  </ItemGroup>
  <ItemGroup>
    <ClInclude Include="client\global.h">
      <Filter>Header Files</Filter>
    </ClInclude>
    <ClInclude Include="client\Logger.h">
      <Filter>Header Files</Filter>
    </ClInclude>
    <ClInclude Include="client\luabind.h">
      <Filter>Header Files</Filter>
    </ClInclude>
    <ClInclude Include="client\LuaController.h">
      <Filter>Header Files</Filter>
    </ClInclude>
    <ClInclude Include="client\Packet.h">
      <Filter>Header Files</Filter>
    </ClInclude>
    <ClInclude Include="client\QSGClipView.h">
      <Filter>Header Files</Filter>
    </ClInclude>
    <ClInclude Include="client\QSGFrame.h">
      <Filter>Header Files</Filter>
    </ClInclude>
    <ClInclude Include="client\QSGGeometry.h">
      <Filter>Header Files</Filter>
    </ClInclude>
    <ClInclude Include="client\QSGGraphic.h">
      <Filter>Header Files</Filter>
    </ClInclude>
    <ClInclude Include="client\QSGNode.h">
      <Filter>Header Files</Filter>
    </ClInclude>
    <ClInclude Include="client\QSGObject.h">
      <Filter>Header Files</Filter>
    </ClInclude>
    <ClInclude Include="client\QSGOpenGLRenderer.h">
      <Filter>Header Files</Filter>
    </ClInclude>
    <ClInclude Include="client\QSGRenderer.h">
      <Filter>Header Files</Filter>
    </ClInclude>
    <ClInclude Include="client\QSGResource.h">
      <Filter>Header Files</Filter>
    </ClInclude>
    <ClInclude Include="client\QSGTexture.h">
      <Filter>Header Files</Filter>
    </ClInclude>
    <ClInclude Include="client\QSGTransform.h">
      <Filter>Header Files</Filter>
    </ClInclude>
    <ClInclude Include="client\QSGTransformNode.h">
      <Filter>Header Files</Filter>
    </ClInclude>
    <ClInclude Include="client\QSGViewport.h">
      <Filter>Header Files</Filter>
    </ClInclude>
    <ClInclude Include="client\Socket.h">
      <Filter>Header Files</Filter>
    </ClInclude>
    <ClInclude Include="client\stb_image.h">
      <Filter>Header Files</Filter>
    </ClInclude>
    <ClInclude Include="client\stb_vorbis.h">
      <Filter>Header Files</Filter>
    </ClInclude>
    <ClInclude Include="client\xlua.h">
      <Filter>Header Files</Filter>
    </ClInclude>
  </ItemGroup>
</Project>