
Microsoft Visual Studio Solution File, Format Version 9.00
# Visual C++ Express 2005
Project("{8BC9CEB8-8B4A-11D0-8D11-00A0C91BC942}") = "client", "client.vcproj", "{E4578625-F841-43AF-BFF4-94A5158F926C}"
	ProjectSection(ProjectDependencies) = postProject
		{66E3CE14-884D-4AEA-9F20-15A0BEAF8C5A} = {66E3CE14-884D-4AEA-9F20-15A0BEAF8C5A}
		{65B39BC3-FAE6-40BB-AFD8-FB7D47AF2DEF} = {65B39BC3-FAE6-40BB-AFD8-FB7D47AF2DEF}
	EndProjectSection
EndProject
Project("{8BC9CEB8-8B4A-11D0-8D11-00A0C91BC942}") = "lua", "lua.vcproj", "{65B39BC3-FAE6-40BB-AFD8-FB7D47AF2DEF}"
EndProject
Project("{8BC9CEB8-8B4A-11D0-8D11-00A0C91BC942}") = "socket", "luasocket-2.0.2\socket.vcproj", "{66E3CE14-884D-4AEA-9F20-15A0BEAF8C5A}"
EndProject
Global
	GlobalSection(SolutionConfigurationPlatforms) = preSolution
		Debug|Win32 = Debug|Win32
		Release|Win32 = Release|Win32
	EndGlobalSection
	GlobalSection(ProjectConfigurationPlatforms) = postSolution
		{E4578625-F841-43AF-BFF4-94A5158F926C}.Debug|Win32.ActiveCfg = Debug|Win32
		{E4578625-F841-43AF-BFF4-94A5158F926C}.Debug|Win32.Build.0 = Debug|Win32
		{E4578625-F841-43AF-BFF4-94A5158F926C}.Release|Win32.ActiveCfg = Release|Win32
		{E4578625-F841-43AF-BFF4-94A5158F926C}.Release|Win32.Build.0 = Release|Win32
		{65B39BC3-FAE6-40BB-AFD8-FB7D47AF2DEF}.Debug|Win32.ActiveCfg = Debug|Win32
		{65B39BC3-FAE6-40BB-AFD8-FB7D47AF2DEF}.Debug|Win32.Build.0 = Debug|Win32
		{65B39BC3-FAE6-40BB-AFD8-FB7D47AF2DEF}.Release|Win32.ActiveCfg = Release|Win32
		{65B39BC3-FAE6-40BB-AFD8-FB7D47AF2DEF}.Release|Win32.Build.0 = Release|Win32
		{66E3CE14-884D-4AEA-9F20-15A0BEAF8C5A}.Debug|Win32.ActiveCfg = Debug|Win32
		{66E3CE14-884D-4AEA-9F20-15A0BEAF8C5A}.Debug|Win32.Build.0 = Debug|Win32
		{66E3CE14-884D-4AEA-9F20-15A0BEAF8C5A}.Release|Win32.ActiveCfg = Release|Win32
		{66E3CE14-884D-4AEA-9F20-15A0BEAF8C5A}.Release|Win32.Build.0 = Release|Win32
	EndGlobalSection
	GlobalSection(SolutionProperties) = preSolution
		HideSolutionNode = FALSE
	EndGlobalSection
EndGlobal
